{
  "name": "@viatsyshyn/ts-microservice",
  "version": "0.0.0",
  "lockfileVersion": 1,
  "requires": true,
  "dependencies": {
    "@ts-awesome/messenger": {
      "version": "1.0.0",
      "resolved": "https://registry.npmjs.org/@ts-awesome/messenger/-/messenger-1.0.0.tgz",
      "integrity": "sha512-FIa+Zs0mbWH/eF+NqHVY1TlFn0fKMD4kJhBTHlvFkRdwXVw6K/i+WHij2PEid3CwIub7jl5AiN26tfvk60LUSg=="
    },
    "typescript": {
      "version": "3.9.5",
      "resolved": "https://registry.npmjs.org/typescript/-/typescript-3.9.5.tgz",
      "integrity": "sha512-ACzBtm/PhXBDId6a6sDJfroT2pOWt/oOnk4/dElG5G33ZL776N3Y6/6bKZJBFpd+b05F3Ct9qDjMeJmRWtE2/g==",
      "dev": true
    }
  }
}
