{
  "name": "@ts-awesome/microservice",
  "version": "0.0.0",
  "lockfileVersion": 2,
  "requires": true,
  "packages": {
    "": {
      "name": "@ts-awesome/microservice",
      "version": "0.0.0",
      "license": "MIT",
      "dependencies": {
        "@ts-awesome/messenger": "^1.0.0"
      },
      "devDependencies": {
        "typescript": "^3.9.5"
      }
    },
    "node_modules/@ts-awesome/messenger": {
      "version": "1.0.0",
      "resolved": "https://registry.npmjs.org/@ts-awesome/messenger/-/messenger-1.0.0.tgz",
      "integrity": "sha512-FZ5GiAv/dmPS2A4xNlG4CvM2rvk7YGKf5+SppNx4A0Jg6UpZist5sD5LQed5LgdDCjumyQ8KcF9/pQyUgInnvw=="
    },
    "node_modules/typescript": {
      "version": "3.9.7",
      "resolved": "https://registry.npmjs.org/typescript/-/typescript-3.9.7.tgz",
      "integrity": "sha512-BLbiRkiBzAwsjut4x/dsibSTB6yWpwT5qWmC2OfuCg3GgVQCSgMs4vEctYPhsaGtd0AeuuHMkjZ2h2WG8MSzRw==",
      "dev": true,
      "bin": {
        "tsc": "bin/tsc",
        "tsserver": "bin/tsserver"
      },
      "engines": {
        "node": ">=4.2.0"
      }
    }
  },
  "dependencies": {
    "@ts-awesome/messenger": {
      "version": "1.0.0",
      "resolved": "https://registry.npmjs.org/@ts-awesome/messenger/-/messenger-1.0.0.tgz",
      "integrity": "sha512-FZ5GiAv/dmPS2A4xNlG4CvM2rvk7YGKf5+SppNx4A0Jg6UpZist5sD5LQed5LgdDCjumyQ8KcF9/pQyUgInnvw=="
    },
    "typescript": {
      "version": "3.9.7",
      "resolved": "https://registry.npmjs.org/typescript/-/typescript-3.9.7.tgz",
      "integrity": "sha512-BLbiRkiBzAwsjut4x/dsibSTB6yWpwT5qWmC2OfuCg3GgVQCSgMs4vEctYPhsaGtd0AeuuHMkjZ2h2WG8MSzRw==",
      "dev": true
    }
  }
}
